
Microsoft Visual Studio Solution File, Format Version 12.00
# Visual Studio Version 17
VisualStudioVersion = 17.6.33815.320
MinimumVisualStudioVersion = 10.0.40219.1
Project("{FAE04EC0-301F-11D3-BF4B-00C04F79EFBC}") = "0825_test", "01Basic\0825_test.csproj", "{37A91872-1B39-4951-96FA-5900A9A5ABC9}"
EndProject
Global
	GlobalSection(SolutionConfigurationPlatforms) = preSolution
		Debug|Any CPU = Debug|Any CPU
		Release|Any CPU = Release|Any CPU
	EndGlobalSection
	GlobalSection(ProjectConfigurationPlatforms) = postSolution
		{37A91872-1B39-4951-96FA-5900A9A5ABC9}.Debug|Any CPU.ActiveCfg = Debug|Any CPU
		{37A91872-1B39-4951-96FA-5900A9A5ABC9}.Debug|Any CPU.Build.0 = Debug|Any CPU
		{37A91872-1B39-4951-96FA-5900A9A5ABC9}.Release|Any CPU.ActiveCfg = Release|Any CPU
		{37A91872-1B39-4951-96FA-5900A9A5ABC9}.Release|Any CPU.Build.0 = Release|Any CPU
	EndGlobalSection
	GlobalSection(SolutionProperties) = preSolution
		HideSolutionNode = FALSE
	EndGlobalSection
	GlobalSection(ExtensibilityGlobals) = postSolution
		SolutionGuid = {B10F460A-F3E3-4E1A-9331-F05F0997DE24}
	EndGlobalSection
EndGlobal
